
Microsoft Visual Studio Solution File, Format Version 12.00
# Visual Studio 15
VisualStudioVersion = 15.0.27130.2036
MinimumVisualStudioVersion = 10.0.40219.1
Project("{FAE04EC0-301F-11D3-BF4B-00C04F79EFBC}") = "List", "List\List.csproj", "{56536041-0B2E-4360-A447-83361BCCC5EF}"
EndProject
Global
	GlobalSection(SolutionConfigurationPlatforms) = preSolution
		Debug|Any CPU = Debug|Any CPU
		Release|Any CPU = Release|Any CPU
	EndGlobalSection
	GlobalSection(ProjectConfigurationPlatforms) = postSolution
		{56536041-0B2E-4360-A447-83361BCCC5EF}.Debug|Any CPU.ActiveCfg = Debug|Any CPU
		{56536041-0B2E-4360-A447-83361BCCC5EF}.Debug|Any CPU.Build.0 = Debug|Any CPU
		{56536041-0B2E-4360-A447-83361BCCC5EF}.Release|Any CPU.ActiveCfg = Release|Any CPU
		{56536041-0B2E-4360-A447-83361BCCC5EF}.Release|Any CPU.Build.0 = Release|Any CPU
	EndGlobalSection
	GlobalSection(SolutionProperties) = preSolution
		HideSolutionNode = FALSE
	EndGlobalSection
	GlobalSection(ExtensibilityGlobals) = postSolution
		SolutionGuid = {D742AEDB-238A-4DD5-B961-C7C95955543F}
	EndGlobalSection
EndGlobal
